{
  "object": {
    "pins": [
      {
        "package": "Syntax",
        "repositoryURL": "https://github.com/nerdsupremacist/Syntax.git",
        "state": {
          "branch": "develop",
          "revision": "64156f976337dbca3949f4e80483305aa216a2de",
          "version": null
        }
      },
      {
        "package": "SyntaxTree",
        "repositoryURL": "https://github.com/nerdsupremacist/SyntaxTree.git",
        "state": {
          "branch": "main",
          "revision": "e05df57b9482e8122b99c59d6285c3e14ccb5b2b",
          "version": null
        }
      }
    ]
  },
  "version": 1
}
