{
  "object": {
    "pins": [
      {
        "package": "Syntax",
        "repositoryURL": "https://github.com/nerdsupremacist/Syntax.git",
        "state": {
          "branch": null,
          "revision": "64cd1a98f06470a01aadcf5f77bc488e450796d9",
          "version": "1.0.1"
        }
      },
      {
        "package": "SyntaxTree",
        "repositoryURL": "https://github.com/nerdsupremacist/SyntaxTree.git",
        "state": {
          "branch": null,
          "revision": "e05df57b9482e8122b99c59d6285c3e14ccb5b2b",
          "version": "0.1.0"
        }
      }
    ]
  },
  "version": 1
}
